
Microsoft Visual Studio Solution File, Format Version 12.00
# Visual Studio Version 17
VisualStudioVersion = 17.2.32505.173
MinimumVisualStudioVersion = 10.0.40219.1
Project("{FAE04EC0-301F-11D3-BF4B-00C04F79EFBC}") = "1010", "1010\1010.csproj", "{BE156D27-D2DA-4FBC-85B0-39138C1B8B9C}"
EndProject
Global
	GlobalSection(SolutionConfigurationPlatforms) = preSolution
		Debug|Any CPU = Debug|Any CPU
		Release|Any CPU = Release|Any CPU
	EndGlobalSection
	GlobalSection(ProjectConfigurationPlatforms) = postSolution
		{BE156D27-D2DA-4FBC-85B0-39138C1B8B9C}.Debug|Any CPU.ActiveCfg = Debug|Any CPU
		{BE156D27-D2DA-4FBC-85B0-39138C1B8B9C}.Debug|Any CPU.Build.0 = Debug|Any CPU
		{BE156D27-D2DA-4FBC-85B0-39138C1B8B9C}.Release|Any CPU.ActiveCfg = Release|Any CPU
		{BE156D27-D2DA-4FBC-85B0-39138C1B8B9C}.Release|Any CPU.Build.0 = Release|Any CPU
	EndGlobalSection
	GlobalSection(SolutionProperties) = preSolution
		HideSolutionNode = FALSE
	EndGlobalSection
	GlobalSection(ExtensibilityGlobals) = postSolution
		SolutionGuid = {9D01D20F-00B7-4AA8-AAFB-9F470E91EAC8}
	EndGlobalSection
EndGlobal
